PODS:
  - FMDB (2.6.2):
    - FMDB/standard (= 2.6.2)
  - FMDB/standard (2.6.2)
  - Reachability (3.2)
  - SnowplowTracker (0.9.0):
    - FMDB (= 2.6.2)
    - Reachability (= 3.2)

DEPENDENCIES:
  - SnowplowTracker (from `../`)

SPEC REPOS:
  https://github.com/cocoapods/specs.git:
    - FMDB
    - Reachability

EXTERNAL SOURCES:
  SnowplowTracker:
    :path: "../"

SPEC CHECKSUMS:
  FMDB: 854a0341b4726e53276f2a8996f06f1b80f9259a
  Reachability: 33e18b67625424e47b6cde6d202dce689ad7af96
  SnowplowTracker: a8538b6626495308e50724264c987733f2aae7a6

PODFILE CHECKSUM: dde34ed7039049f34e5f0380958b7337dfd1d91e

COCOAPODS: 1.5.3
